
Microsoft Visual Studio Solution File, Format Version 12.00
# Visual Studio Version 16
VisualStudioVersion = 16.0.31624.102
MinimumVisualStudioVersion = 10.0.40219.1
Project("{8BC9CEB8-8B4A-11D0-8D11-00A0C91BC942}") = "lab1", "lab1.vcxproj", "{EBA04C22-5A89-4E91-9F3E-E937AF50237F}"
EndProject
Global
	GlobalSection(SolutionConfigurationPlatforms) = preSolution
		Debug|x64 = Debug|x64
		Debug|x86 = Debug|x86
		Release|x64 = Release|x64
		Release|x86 = Release|x86
	EndGlobalSection
	GlobalSection(ProjectConfigurationPlatforms) = postSolution
		{EBA04C22-5A89-4E91-9F3E-E937AF50237F}.Debug|x64.ActiveCfg = Debug|x64
		{EBA04C22-5A89-4E91-9F3E-E937AF50237F}.Debug|x64.Build.0 = Debug|x64
		{EBA04C22-5A89-4E91-9F3E-E937AF50237F}.Debug|x86.ActiveCfg = Debug|Win32
		{EBA04C22-5A89-4E91-9F3E-E937AF50237F}.Debug|x86.Build.0 = Debug|Win32
		{EBA04C22-5A89-4E91-9F3E-E937AF50237F}.Release|x64.ActiveCfg = Release|x64
		{EBA04C22-5A89-4E91-9F3E-E937AF50237F}.Release|x64.Build.0 = Release|x64
		{EBA04C22-5A89-4E91-9F3E-E937AF50237F}.Release|x86.ActiveCfg = Release|Win32
		{EBA04C22-5A89-4E91-9F3E-E937AF50237F}.Release|x86.Build.0 = Release|Win32
	EndGlobalSection
	GlobalSection(SolutionProperties) = preSolution
		HideSolutionNode = FALSE
	EndGlobalSection
	GlobalSection(ExtensibilityGlobals) = postSolution
		SolutionGuid = {70634576-F72D-46A0-A945-A47B0C39CDF4}
	EndGlobalSection
EndGlobal
